{
  "nodes": {
    "claudebox-src": {
      "flake": false,
      "locked": {
        "lastModified": 1769290057,
        "narHash": "sha256-4C+e9K0Mq+OfBIH9u/EdzrtXLXVqWBfndAC2BHU+JhE=",
        "owner": "numtide",
        "repo": "claudebox",
        "rev": "33a7705a6232acfe77397e20c8710456221277a1",
        "type": "github"
      },
      "original": {
        "owner": "numtide",
        "repo": "claudebox",
        "rev": "33a7705a6232acfe77397e20c8710456221277a1",
        "type": "github"
      }
    },
    "nixpkgs": {
      "locked": {
        "lastModified": 1777042677,
        "narHash": "sha256-PkHa8cSqjNVD/ug5VNyC0ebwAVRJxvw92FFLWinbdQs=",
        "owner": "amarbel-llc",
        "repo": "nixpkgs",
        "rev": "9bad1e489bd4c713da002618bd825372d35430af",
        "type": "github"
      },
      "original": {
        "owner": "amarbel-llc",
        "repo": "nixpkgs",
        "type": "github"
      }
    },
    "nixpkgs-claude-code": {
      "locked": {
        "lastModified": 1776358155,
        "narHash": "sha256-ruPV/Nk84idlHqrJH4JTWlqspw627PgcwLaYH6MiumQ=",
        "owner": "amarbel-llc",
        "repo": "nixpkgs",
        "rev": "b2b9662ffe1e9a5702e7bfbd983595dd56147dbf",
        "type": "github"
      },
      "original": {
        "owner": "amarbel-llc",
        "repo": "nixpkgs",
        "rev": "b2b9662ffe1e9a5702e7bfbd983595dd56147dbf",
        "type": "github"
      }
    },
    "nixpkgs-codex": {
      "locked": {
        "lastModified": 1774366223,
        "narHash": "sha256-EkNxFNHtu8q9oUcmcaQk/fsNrErrAMUMx4uMN5qjDIM=",
        "owner": "amarbel-llc",
        "repo": "nixpkgs",
        "rev": "e2dde111aea2c0699531dc616112a96cd55ab8b5",
        "type": "github"
      },
      "original": {
        "owner": "amarbel-llc",
        "repo": "nixpkgs",
        "rev": "e2dde111aea2c0699531dc616112a96cd55ab8b5",
        "type": "github"
      }
    },
    "nixpkgs-llama": {
      "locked": {
        "lastModified": 1776749433,
        "narHash": "sha256-OxRw5/l27G3PDYNapH4PTDEAf8PH2IWd+3or8+DuOww=",
        "owner": "amarbel-llc",
        "repo": "nixpkgs",
        "rev": "3b5a614454bd054dd960f1ff7a888dc5dfaf7bb4",
        "type": "github"
      },
      "original": {
        "owner": "amarbel-llc",
        "repo": "nixpkgs",
        "rev": "3b5a614454bd054dd960f1ff7a888dc5dfaf7bb4",
        "type": "github"
      }
    },
    "nixpkgs-master": {
      "locked": {
        "lastModified": 1776358656,
        "narHash": "sha256-lWsd2G9dxHZ4oBKhlnJwUV+zRxRxZRDM7LR7z+hU51M=",
        "owner": "amarbel-llc",
        "repo": "nixpkgs",
        "rev": "9b53530a5f6887b6903cffeb8a418f3079d6698d",
        "type": "github"
      },
      "original": {
        "owner": "amarbel-llc",
        "repo": "nixpkgs",
        "rev": "9b53530a5f6887b6903cffeb8a418f3079d6698d",
        "type": "github"
      }
    },
    "root": {
      "inputs": {
        "claudebox-src": "claudebox-src",
        "nixpkgs": "nixpkgs",
        "nixpkgs-claude-code": "nixpkgs-claude-code",
        "nixpkgs-codex": "nixpkgs-codex",
        "nixpkgs-llama": "nixpkgs-llama",
        "nixpkgs-master": "nixpkgs-master",
        "utils": "utils"
      }
    },
    "systems": {
      "locked": {
        "lastModified": 1681028828,
        "narHash": "sha256-Vy1rq5AaRuLzOxct8nz4T6wlgyUR7zLU309k9mBC768=",
        "owner": "nix-systems",
        "repo": "default",
        "rev": "da67096a3b9bf56a91d16901293e51ba5b49a27e",
        "type": "github"
      },
      "original": {
        "owner": "nix-systems",
        "repo": "default",
        "type": "github"
      }
    },
    "utils": {
      "inputs": {
        "systems": "systems"
      },
      "locked": {
        "lastModified": 1731533236,
        "narHash": "sha256-l0KFg5HjrsfsO/JpG+r7fRrqm12kzFHyUHqHCVpMMbI=",
        "rev": "11707dc2f618dd54ca8739b309ec4fc024de578b",
        "revCount": 102,
        "type": "tarball",
        "url": "https://api.flakehub.com/f/pinned/numtide/flake-utils/0.1.102%2Brev-11707dc2f618dd54ca8739b309ec4fc024de578b/0193276d-5b8f-7dbc-acf1-41cb7b54ad2e/source.tar.gz"
      },
      "original": {
        "type": "tarball",
        "url": "https://flakehub.com/f/numtide/flake-utils/0.1.102"
      }
    }
  },
  "root": "root",
  "version": 7
}
